Microsoft Visual Studio Solution File, Format Version 12.00
# Visual Studio Version 16
VisualStudioVersion = 16.0.30204.135
MinimumVisualStudioVersion = 10.0.40219.1
Project("{9A19103F-16F7-4668-BE54-9A1E7A4F7556}") = "LLL.DurableTask.Client", "src\LLL.DurableTask.Client\LLL.DurableTask.Client.csproj", "{D48A9FF2-266F-4E58-B5B6-049D982BC11B}"
EndProject
Project("{9A19103F-16F7-4668-BE54-9A1E7A4F7556}") = "LLL.DurableTask.EFCore", "src\LLL.DurableTask.EFCore\LLL.DurableTask.EFCore.csproj", "{11BDFC0F-F81E-4538-BA1A-57B6A64B616A}"
EndProject
Project("{9A19103F-16F7-4668-BE54-9A1E7A4F7556}") = "LLL.DurableTask.Emulator", "src\LLL.DurableTask.Emulator\LLL.DurableTask.Emulator.csproj", "{1F42DCBA-D212-4E36-83AC-7E067A7A7ECC}"
EndProject
Project("{9A19103F-16F7-4668-BE54-9A1E7A4F7556}") = "LLL.DurableTask.AzureStorage", "src\LLL.DurableTask.AzureStorage\LLL.DurableTask.AzureStorage.csproj", "{63E10D86-BA42-4EE2-964D-F2EE796AAC83}"
EndProject
Project("{9A19103F-16F7-4668-BE54-9A1E7A4F7556}") = "LLL.DurableTask.Server.Grpc.Client", "src\LLL.DurableTask.Server.Grpc.Client\LLL.DurableTask.Server.Grpc.Client.csproj", "{BC199061-8982-4161-B8C6-18A002F3E0BF}"
EndProject
Project("{9A19103F-16F7-4668-BE54-9A1E7A4F7556}") = "LLL.DurableTask.Core", "src\LLL.DurableTask.Core\LLL.DurableTask.Core.csproj", "{18285DF2-6A90-4B71-8C3D-3B699E8C28D3}"
EndProject
Project("{9A19103F-16F7-4668-BE54-9A1E7A4F7556}") = "LLL.DurableTask.EFCore.MySql", "src\LLL.DurableTask.EFCore.MySql\LLL.DurableTask.EFCore.MySql.csproj", "{287C32B8-251F-4796-AF77-90992A28E0EE}"
EndProject
Project("{9A19103F-16F7-4668-BE54-9A1E7A4F7556}") = "LLL.DurableTask.EFCore.SqlServer", "src\LLL.DurableTask.EFCore.SqlServer\LLL.DurableTask.EFCore.SqlServer.csproj", "{E843E763-CB19-4A80-9064-3D5E2A63D3CF}"
EndProject
Project("{2150E333-8FDC-42A3-9474-1A3956D46DE8}") = "samples", "samples", "{E0FCDB26-294E-4389-95DA-B6ADACFD4A5C}"
EndProject
Project("{9A19103F-16F7-4668-BE54-9A1E7A4F7556}") = "BpmnWorker", "samples\BpmnWorker\BpmnWorker.csproj", "{4A6DDCA8-44BB-440D-B898-E7283112F3DD}"
EndProject
Project("{9A19103F-16F7-4668-BE54-9A1E7A4F7556}") = "LLL.DurableTask.EFCore.PostgreSQL", "src\LLL.DurableTask.EFCore.PostgreSQL\LLL.DurableTask.EFCore.PostgreSQL.csproj", "{57CD5EC5-80EC-4EAE-9542-5E9151E436D8}"
EndProject
Project("{9A19103F-16F7-4668-BE54-9A1E7A4F7556}") = "CarWorker", "samples\CarWorker\CarWorker.csproj", "{B372C7A4-4834-48B4-BA73-CBAA11DA2F66}"
EndProject
Project("{9A19103F-16F7-4668-BE54-9A1E7A4F7556}") = "HotelWorker", "samples\HotelWorker\HotelWorker.csproj", "{89C0B31D-40E3-4B29-8352-794B7E9E3CBB}"
EndProject
Project("{9A19103F-16F7-4668-BE54-9A1E7A4F7556}") = "FlightWorker", "samples\FlightWorker\FlightWorker.csproj", "{BF8C5D12-1E69-43C5-9A5E-98A4797A6008}"
EndProject
Project("{FAE04EC0-301F-11D3-BF4B-00C04F79EFBC}") = "OrchestrationWorker", "samples\OrchestrationWorker\OrchestrationWorker.csproj", "{623E730E-E753-4D16-BC8F-807B093CA8E3}"
EndProject
Project("{2150E333-8FDC-42A3-9474-1A3956D46DE8}") = "src", "src", "{5B6D72A5-EA1B-4815-88D1-DAC262E987CA}"
EndProject
Project("{2150E333-8FDC-42A3-9474-1A3956D46DE8}") = "test", "test", "{303FE5B1-30C6-4DC3-881E-0A3CA920B03F}"
EndProject
Project("{9A19103F-16F7-4668-BE54-9A1E7A4F7556}") = "LLL.DurableTask.Tests", "test\LLL.DurableTask.Tests\LLL.DurableTask.Tests.csproj", "{9C833A22-F135-4990-BB70-268549B8F7B8}"
EndProject
Project("{9A19103F-16F7-4668-BE54-9A1E7A4F7556}") = "LLL.DurableTask.Server.Grpc", "src\LLL.DurableTask.Server.Grpc\LLL.DurableTask.Server.Grpc.csproj", "{33FE20EC-64DB-4A5C-A5F7-ABCA9947C31A}"
EndProject
Project("{2150E333-8FDC-42A3-9474-1A3956D46DE8}") = "Solution Items", "Solution Items", "{57C96BE4-6BB2-40C1-B6D3-FF1C9BA29C4B}"
	ProjectSection(SolutionItems) = preProject
		.editorconfig = .editorconfig
	EndProjectSection
EndProject
Project("{9A19103F-16F7-4668-BE54-9A1E7A4F7556}") = "LLL.DurableTask.Server", "src\LLL.DurableTask.Server\LLL.DurableTask.Server.csproj", "{5229E122-2B60-4FE9-BAB5-0BB113BBAC73}"
EndProject
Project("{9A19103F-16F7-4668-BE54-9A1E7A4F7556}") = "LLL.DurableTask.Api", "src\LLL.DurableTask.Api\LLL.DurableTask.Api.csproj", "{3B6841EB-65FE-466C-8141-B06BA87A08C3}"
EndProject
Project("{9A19103F-16F7-4668-BE54-9A1E7A4F7556}") = "LLL.DurableTask.Ui", "src\LLL.DurableTask.Ui\LLL.DurableTask.Ui.csproj", "{856ED398-A3A4-4BF2-8E84-4EE51A4A1CD5}"
EndProject
Project("{FAE04EC0-301F-11D3-BF4B-00C04F79EFBC}") = "LLL.DurableTask.Worker", "src\LLL.DurableTask.Worker\LLL.DurableTask.Worker.csproj", "{6EE26F76-6DE8-4252-8647-7FA9612FDBCE}"
EndProject
Project("{FAE04EC0-301F-11D3-BF4B-00C04F79EFBC}") = "Server", "samples\Server\Server.csproj", "{3C2D139D-4768-4C04-8805-5824733739AF}"
EndProject
Project("{FAE04EC0-301F-11D3-BF4B-00C04F79EFBC}") = "Ui", "samples\Ui\Ui.csproj", "{E6B7F70C-2AFC-4228-AA86-0F6ABCD9FCD9}"
EndProject
Project("{FAE04EC0-301F-11D3-BF4B-00C04F79EFBC}") = "Api", "samples\Api\Api.csproj", "{06883E5A-B19F-4EE1-837A-508754C00CB7}"
EndProject
Project("{FAE04EC0-301F-11D3-BF4B-00C04F79EFBC}") = "LLL.DurableTask.EFCore.InMemory", "src\LLL.DurableTask.EFCore.InMemory\LLL.DurableTask.EFCore.InMemory.csproj", "{E71A4883-EFFA-4F35-9ECA-1CBB10DF9244}"
EndProject
Project("{2150E333-8FDC-42A3-9474-1A3956D46DE8}") = "benchmark", "benchmark", "{A9616B03-065A-496F-97D9-7534E12EDEFC}"
EndProject
Project("{FAE04EC0-301F-11D3-BF4B-00C04F79EFBC}") = "StoragesBenchmark", "benchmark\StoragesBenchmark\StoragesBenchmark.csproj", "{DC026E79-6C39-4C99-8F97-13A0C141E9D2}"
EndProject
Global
	GlobalSection(SolutionConfigurationPlatforms) = preSolution
		Debug|Any CPU = Debug|Any CPU
		Release|Any CPU = Release|Any CPU
	EndGlobalSection
	GlobalSection(ProjectConfigurationPlatforms) = postSolution
		{D48A9FF2-266F-4E58-B5B6-049D982BC11B}.Debug|Any CPU.ActiveCfg = Debug|Any CPU
		{D48A9FF2-266F-4E58-B5B6-049D982BC11B}.Debug|Any CPU.Build.0 = Debug|Any CPU
		{D48A9FF2-266F-4E58-B5B6-049D982BC11B}.Release|Any CPU.ActiveCfg = Release|Any CPU
		{D48A9FF2-266F-4E58-B5B6-049D982BC11B}.Release|Any CPU.Build.0 = Release|Any CPU
		{11BDFC0F-F81E-4538-BA1A-57B6A64B616A}.Debug|Any CPU.ActiveCfg = Debug|Any CPU
		{11BDFC0F-F81E-4538-BA1A-57B6A64B616A}.Debug|Any CPU.Build.0 = Debug|Any CPU
		{11BDFC0F-F81E-4538-BA1A-57B6A64B616A}.Release|Any CPU.ActiveCfg = Release|Any CPU
		{11BDFC0F-F81E-4538-BA1A-57B6A64B616A}.Release|Any CPU.Build.0 = Release|Any CPU
		{1F42DCBA-D212-4E36-83AC-7E067A7A7ECC}.Debug|Any CPU.ActiveCfg = Debug|Any CPU
		{1F42DCBA-D212-4E36-83AC-7E067A7A7ECC}.Debug|Any CPU.Build.0 = Debug|Any CPU
		{1F42DCBA-D212-4E36-83AC-7E067A7A7ECC}.Release|Any CPU.ActiveCfg = Release|Any CPU
		{1F42DCBA-D212-4E36-83AC-7E067A7A7ECC}.Release|Any CPU.Build.0 = Release|Any CPU
		{63E10D86-BA42-4EE2-964D-F2EE796AAC83}.Debug|Any CPU.ActiveCfg = Debug|Any CPU
		{63E10D86-BA42-4EE2-964D-F2EE796AAC83}.Debug|Any CPU.Build.0 = Debug|Any CPU
		{63E10D86-BA42-4EE2-964D-F2EE796AAC83}.Release|Any CPU.ActiveCfg = Release|Any CPU
		{63E10D86-BA42-4EE2-964D-F2EE796AAC83}.Release|Any CPU.Build.0 = Release|Any CPU
		{BC199061-8982-4161-B8C6-18A002F3E0BF}.Debug|Any CPU.ActiveCfg = Debug|Any CPU
		{BC199061-8982-4161-B8C6-18A002F3E0BF}.Debug|Any CPU.Build.0 = Debug|Any CPU
		{BC199061-8982-4161-B8C6-18A002F3E0BF}.Release|Any CPU.ActiveCfg = Release|Any CPU
		{BC199061-8982-4161-B8C6-18A002F3E0BF}.Release|Any CPU.Build.0 = Release|Any CPU
		{18285DF2-6A90-4B71-8C3D-3B699E8C28D3}.Debug|Any CPU.ActiveCfg = Debug|Any CPU
		{18285DF2-6A90-4B71-8C3D-3B699E8C28D3}.Debug|Any CPU.Build.0 = Debug|Any CPU
		{18285DF2-6A90-4B71-8C3D-3B699E8C28D3}.Release|Any CPU.ActiveCfg = Release|Any CPU
		{18285DF2-6A90-4B71-8C3D-3B699E8C28D3}.Release|Any CPU.Build.0 = Release|Any CPU
		{287C32B8-251F-4796-AF77-90992A28E0EE}.Debug|Any CPU.ActiveCfg = Debug|Any CPU
		{287C32B8-251F-4796-AF77-90992A28E0EE}.Debug|Any CPU.Build.0 = Debug|Any CPU
		{287C32B8-251F-4796-AF77-90992A28E0EE}.Release|Any CPU.ActiveCfg = Release|Any CPU
		{287C32B8-251F-4796-AF77-90992A28E0EE}.Release|Any CPU.Build.0 = Release|Any CPU
		{E843E763-CB19-4A80-9064-3D5E2A63D3CF}.Debug|Any CPU.ActiveCfg = Debug|Any CPU
		{E843E763-CB19-4A80-9064-3D5E2A63D3CF}.Debug|Any CPU.Build.0 = Debug|Any CPU
		{E843E763-CB19-4A80-9064-3D5E2A63D3CF}.Release|Any CPU.ActiveCfg = Release|Any CPU
		{E843E763-CB19-4A80-9064-3D5E2A63D3CF}.Release|Any CPU.Build.0 = Release|Any CPU
		{4A6DDCA8-44BB-440D-B898-E7283112F3DD}.Debug|Any CPU.ActiveCfg = Debug|Any CPU
		{4A6DDCA8-44BB-440D-B898-E7283112F3DD}.Debug|Any CPU.Build.0 = Debug|Any CPU
		{4A6DDCA8-44BB-440D-B898-E7283112F3DD}.Release|Any CPU.ActiveCfg = Release|Any CPU
		{4A6DDCA8-44BB-440D-B898-E7283112F3DD}.Release|Any CPU.Build.0 = Release|Any CPU
		{57CD5EC5-80EC-4EAE-9542-5E9151E436D8}.Debug|Any CPU.ActiveCfg = Debug|Any CPU
		{57CD5EC5-80EC-4EAE-9542-5E9151E436D8}.Debug|Any CPU.Build.0 = Debug|Any CPU
		{57CD5EC5-80EC-4EAE-9542-5E9151E436D8}.Release|Any CPU.ActiveCfg = Release|Any CPU
		{57CD5EC5-80EC-4EAE-9542-5E9151E436D8}.Release|Any CPU.Build.0 = Release|Any CPU
		{B372C7A4-4834-48B4-BA73-CBAA11DA2F66}.Debug|Any CPU.ActiveCfg = Debug|Any CPU
		{B372C7A4-4834-48B4-BA73-CBAA11DA2F66}.Debug|Any CPU.Build.0 = Debug|Any CPU
		{B372C7A4-4834-48B4-BA73-CBAA11DA2F66}.Release|Any CPU.ActiveCfg = Release|Any CPU
		{B372C7A4-4834-48B4-BA73-CBAA11DA2F66}.Release|Any CPU.Build.0 = Release|Any CPU
		{89C0B31D-40E3-4B29-8352-794B7E9E3CBB}.Debug|Any CPU.ActiveCfg = Debug|Any CPU
		{89C0B31D-40E3-4B29-8352-794B7E9E3CBB}.Debug|Any CPU.Build.0 = Debug|Any CPU
		{89C0B31D-40E3-4B29-8352-794B7E9E3CBB}.Release|Any CPU.ActiveCfg = Release|Any CPU
		{89C0B31D-40E3-4B29-8352-794B7E9E3CBB}.Release|Any CPU.Build.0 = Release|Any CPU
		{BF8C5D12-1E69-43C5-9A5E-98A4797A6008}.Debug|Any CPU.ActiveCfg = Debug|Any CPU
		{BF8C5D12-1E69-43C5-9A5E-98A4797A6008}.Debug|Any CPU.Build.0 = Debug|Any CPU
		{BF8C5D12-1E69-43C5-9A5E-98A4797A6008}.Release|Any CPU.ActiveCfg = Release|Any CPU
		{BF8C5D12-1E69-43C5-9A5E-98A4797A6008}.Release|Any CPU.Build.0 = Release|Any CPU
		{623E730E-E753-4D16-BC8F-807B093CA8E3}.Debug|Any CPU.ActiveCfg = Debug|Any CPU
		{623E730E-E753-4D16-BC8F-807B093CA8E3}.Debug|Any CPU.Build.0 = Debug|Any CPU
		{623E730E-E753-4D16-BC8F-807B093CA8E3}.Release|Any CPU.ActiveCfg = Release|Any CPU
		{623E730E-E753-4D16-BC8F-807B093CA8E3}.Release|Any CPU.Build.0 = Release|Any CPU
		{9C833A22-F135-4990-BB70-268549B8F7B8}.Debug|Any CPU.ActiveCfg = Debug|Any CPU
		{9C833A22-F135-4990-BB70-268549B8F7B8}.Debug|Any CPU.Build.0 = Debug|Any CPU
		{9C833A22-F135-4990-BB70-268549B8F7B8}.Release|Any CPU.ActiveCfg = Release|Any CPU
		{9C833A22-F135-4990-BB70-268549B8F7B8}.Release|Any CPU.Build.0 = Release|Any CPU
		{33FE20EC-64DB-4A5C-A5F7-ABCA9947C31A}.Debug|Any CPU.ActiveCfg = Debug|Any CPU
		{33FE20EC-64DB-4A5C-A5F7-ABCA9947C31A}.Debug|Any CPU.Build.0 = Debug|Any CPU
		{33FE20EC-64DB-4A5C-A5F7-ABCA9947C31A}.Release|Any CPU.ActiveCfg = Release|Any CPU
		{33FE20EC-64DB-4A5C-A5F7-ABCA9947C31A}.Release|Any CPU.Build.0 = Release|Any CPU
		{5229E122-2B60-4FE9-BAB5-0BB113BBAC73}.Debug|Any CPU.ActiveCfg = Debug|Any CPU
		{5229E122-2B60-4FE9-BAB5-0BB113BBAC73}.Debug|Any CPU.Build.0 = Debug|Any CPU
		{5229E122-2B60-4FE9-BAB5-0BB113BBAC73}.Release|Any CPU.ActiveCfg = Release|Any CPU
		{5229E122-2B60-4FE9-BAB5-0BB113BBAC73}.Release|Any CPU.Build.0 = Release|Any CPU
		{3B6841EB-65FE-466C-8141-B06BA87A08C3}.Debug|Any CPU.ActiveCfg = Debug|Any CPU
		{3B6841EB-65FE-466C-8141-B06BA87A08C3}.Debug|Any CPU.Build.0 = Debug|Any CPU
		{3B6841EB-65FE-466C-8141-B06BA87A08C3}.Release|Any CPU.ActiveCfg = Release|Any CPU
		{3B6841EB-65FE-466C-8141-B06BA87A08C3}.Release|Any CPU.Build.0 = Release|Any CPU
		{856ED398-A3A4-4BF2-8E84-4EE51A4A1CD5}.Debug|Any CPU.ActiveCfg = Debug|Any CPU
		{856ED398-A3A4-4BF2-8E84-4EE51A4A1CD5}.Debug|Any CPU.Build.0 = Debug|Any CPU
		{856ED398-A3A4-4BF2-8E84-4EE51A4A1CD5}.Release|Any CPU.ActiveCfg = Release|Any CPU
		{856ED398-A3A4-4BF2-8E84-4EE51A4A1CD5}.Release|Any CPU.Build.0 = Release|Any CPU
		{6EE26F76-6DE8-4252-8647-7FA9612FDBCE}.Debug|Any CPU.ActiveCfg = Debug|Any CPU
		{6EE26F76-6DE8-4252-8647-7FA9612FDBCE}.Debug|Any CPU.Build.0 = Debug|Any CPU
		{6EE26F76-6DE8-4252-8647-7FA9612FDBCE}.Release|Any CPU.ActiveCfg = Release|Any CPU
		{6EE26F76-6DE8-4252-8647-7FA9612FDBCE}.Release|Any CPU.Build.0 = Release|Any CPU
		{3C2D139D-4768-4C04-8805-5824733739AF}.Debug|Any CPU.ActiveCfg = Debug|Any CPU
		{3C2D139D-4768-4C04-8805-5824733739AF}.Debug|Any CPU.Build.0 = Debug|Any CPU
		{3C2D139D-4768-4C04-8805-5824733739AF}.Release|Any CPU.ActiveCfg = Release|Any CPU
		{3C2D139D-4768-4C04-8805-5824733739AF}.Release|Any CPU.Build.0 = Release|Any CPU
		{E6B7F70C-2AFC-4228-AA86-0F6ABCD9FCD9}.Debug|Any CPU.ActiveCfg = Debug|Any CPU
		{E6B7F70C-2AFC-4228-AA86-0F6ABCD9FCD9}.Debug|Any CPU.Build.0 = Debug|Any CPU
		{E6B7F70C-2AFC-4228-AA86-0F6ABCD9FCD9}.Release|Any CPU.ActiveCfg = Release|Any CPU
		{E6B7F70C-2AFC-4228-AA86-0F6ABCD9FCD9}.Release|Any CPU.Build.0 = Release|Any CPU
		{06883E5A-B19F-4EE1-837A-508754C00CB7}.Debug|Any CPU.ActiveCfg = Debug|Any CPU
		{06883E5A-B19F-4EE1-837A-508754C00CB7}.Debug|Any CPU.Build.0 = Debug|Any CPU
		{06883E5A-B19F-4EE1-837A-508754C00CB7}.Release|Any CPU.ActiveCfg = Release|Any CPU
		{06883E5A-B19F-4EE1-837A-508754C00CB7}.Release|Any CPU.Build.0 = Release|Any CPU
		{E71A4883-EFFA-4F35-9ECA-1CBB10DF9244}.Debug|Any CPU.ActiveCfg = Debug|Any CPU
		{E71A4883-EFFA-4F35-9ECA-1CBB10DF9244}.Debug|Any CPU.Build.0 = Debug|Any CPU
		{E71A4883-EFFA-4F35-9ECA-1CBB10DF9244}.Release|Any CPU.ActiveCfg = Release|Any CPU
		{E71A4883-EFFA-4F35-9ECA-1CBB10DF9244}.Release|Any CPU.Build.0 = Release|Any CPU
		{DC026E79-6C39-4C99-8F97-13A0C141E9D2}.Debug|Any CPU.ActiveCfg = Debug|Any CPU
		{DC026E79-6C39-4C99-8F97-13A0C141E9D2}.Debug|Any CPU.Build.0 = Debug|Any CPU
		{DC026E79-6C39-4C99-8F97-13A0C141E9D2}.Release|Any CPU.ActiveCfg = Release|Any CPU
		{DC026E79-6C39-4C99-8F97-13A0C141E9D2}.Release|Any CPU.Build.0 = Release|Any CPU
	EndGlobalSection
	GlobalSection(SolutionProperties) = preSolution
		HideSolutionNode = FALSE
	EndGlobalSection
	GlobalSection(NestedProjects) = preSolution
		{D48A9FF2-266F-4E58-B5B6-049D982BC11B} = {5B6D72A5-EA1B-4815-88D1-DAC262E987CA}
		{11BDFC0F-F81E-4538-BA1A-57B6A64B616A} = {5B6D72A5-EA1B-4815-88D1-DAC262E987CA}
		{1F42DCBA-D212-4E36-83AC-7E067A7A7ECC} = {5B6D72A5-EA1B-4815-88D1-DAC262E987CA}
		{63E10D86-BA42-4EE2-964D-F2EE796AAC83} = {5B6D72A5-EA1B-4815-88D1-DAC262E987CA}
		{BC199061-8982-4161-B8C6-18A002F3E0BF} = {5B6D72A5-EA1B-4815-88D1-DAC262E987CA}
		{18285DF2-6A90-4B71-8C3D-3B699E8C28D3} = {5B6D72A5-EA1B-4815-88D1-DAC262E987CA}
		{287C32B8-251F-4796-AF77-90992A28E0EE} = {5B6D72A5-EA1B-4815-88D1-DAC262E987CA}
		{E843E763-CB19-4A80-9064-3D5E2A63D3CF} = {5B6D72A5-EA1B-4815-88D1-DAC262E987CA}
		{4A6DDCA8-44BB-440D-B898-E7283112F3DD} = {E0FCDB26-294E-4389-95DA-B6ADACFD4A5C}
		{57CD5EC5-80EC-4EAE-9542-5E9151E436D8} = {5B6D72A5-EA1B-4815-88D1-DAC262E987CA}
		{B372C7A4-4834-48B4-BA73-CBAA11DA2F66} = {E0FCDB26-294E-4389-95DA-B6ADACFD4A5C}
		{89C0B31D-40E3-4B29-8352-794B7E9E3CBB} = {E0FCDB26-294E-4389-95DA-B6ADACFD4A5C}
		{BF8C5D12-1E69-43C5-9A5E-98A4797A6008} = {E0FCDB26-294E-4389-95DA-B6ADACFD4A5C}
		{623E730E-E753-4D16-BC8F-807B093CA8E3} = {E0FCDB26-294E-4389-95DA-B6ADACFD4A5C}
		{9C833A22-F135-4990-BB70-268549B8F7B8} = {303FE5B1-30C6-4DC3-881E-0A3CA920B03F}
		{33FE20EC-64DB-4A5C-A5F7-ABCA9947C31A} = {5B6D72A5-EA1B-4815-88D1-DAC262E987CA}
		{5229E122-2B60-4FE9-BAB5-0BB113BBAC73} = {5B6D72A5-EA1B-4815-88D1-DAC262E987CA}
		{3B6841EB-65FE-466C-8141-B06BA87A08C3} = {5B6D72A5-EA1B-4815-88D1-DAC262E987CA}
		{856ED398-A3A4-4BF2-8E84-4EE51A4A1CD5} = {5B6D72A5-EA1B-4815-88D1-DAC262E987CA}
		{6EE26F76-6DE8-4252-8647-7FA9612FDBCE} = {5B6D72A5-EA1B-4815-88D1-DAC262E987CA}
		{3C2D139D-4768-4C04-8805-5824733739AF} = {E0FCDB26-294E-4389-95DA-B6ADACFD4A5C}
		{E6B7F70C-2AFC-4228-AA86-0F6ABCD9FCD9} = {E0FCDB26-294E-4389-95DA-B6ADACFD4A5C}
		{06883E5A-B19F-4EE1-837A-508754C00CB7} = {E0FCDB26-294E-4389-95DA-B6ADACFD4A5C}
		{E71A4883-EFFA-4F35-9ECA-1CBB10DF9244} = {5B6D72A5-EA1B-4815-88D1-DAC262E987CA}
		{DC026E79-6C39-4C99-8F97-13A0C141E9D2} = {A9616B03-065A-496F-97D9-7534E12EDEFC}
	EndGlobalSection
	GlobalSection(ExtensibilityGlobals) = postSolution
		SolutionGuid = {D2608FDC-AB3C-4A29-9FD7-53C76E8D66FB}
	EndGlobalSection
EndGlobal
